<?xml version="1.0" encoding="UTF-8"?>
<Scheme
   version = "1.3">
   <BuildAction>
      <BuildActionEntries>
         <BuildActionEntry
            buildForRunning = "YES">
            <BuildableReference
               BuildableIdentifier = "primary"
               BlueprintIdentifier = "2408E57A0EB20A950E545DE4"
               BuildableName = "DZ12_Dictionary.app"
               BlueprintName = "DZ12_Dictionary"
               ReferencedContainer = "container:DZ12_Dictionary.xcodeproj">
            </BuildableReference>
         </BuildActionEntry>
      </BuildActionEntries>
   </BuildAction>
   <LaunchAction
      useCustomWorkingDirectory = "NO"
      buildConfiguration = "Debug">
      <BuildableProductRunnable>
         <BuildableReference
            BuildableIdentifier = "primary"
            BlueprintIdentifier = "2408E57A0EB20A950E545DE4"
            BuildableName = "DZ12_Dictionary.app"
            BlueprintName = "DZ12_Dictionary"
            ReferencedContainer = "container:DZ12_Dictionary.xcodeproj">
         </BuildableReference>
      </BuildableProductRunnable>
   </LaunchAction>
</Scheme>
